
Microsoft Visual Studio Solution File, Format Version 12.00
# Visual Studio Version 17
VisualStudioVersion = 17.6.33829.357
MinimumVisualStudioVersion = 10.0.40219.1
Project("{FAE04EC0-301F-11D3-BF4B-00C04F79EFBC}") = "EditingImagesWithUI", "EditingImagesWithUI\EditingImagesWithUI.csproj", "{D006BFAA-7D83-4D9E-8E99-FC654F6C1587}"
EndProject
Global
	GlobalSection(SolutionConfigurationPlatforms) = preSolution
		Debug|Any CPU = Debug|Any CPU
		Release|Any CPU = Release|Any CPU
	EndGlobalSection
	GlobalSection(ProjectConfigurationPlatforms) = postSolution
		{D006BFAA-7D83-4D9E-8E99-FC654F6C1587}.Debug|Any CPU.ActiveCfg = Debug|Any CPU
		{D006BFAA-7D83-4D9E-8E99-FC654F6C1587}.Debug|Any CPU.Build.0 = Debug|Any CPU
		{D006BFAA-7D83-4D9E-8E99-FC654F6C1587}.Release|Any CPU.ActiveCfg = Release|Any CPU
		{D006BFAA-7D83-4D9E-8E99-FC654F6C1587}.Release|Any CPU.Build.0 = Release|Any CPU
	EndGlobalSection
	GlobalSection(SolutionProperties) = preSolution
		HideSolutionNode = FALSE
	EndGlobalSection
	GlobalSection(ExtensibilityGlobals) = postSolution
		SolutionGuid = {5C7AF6B0-B761-44C1-AB24-3BD212115597}
	EndGlobalSection
EndGlobal
